
Microsoft Visual Studio Solution File, Format Version 12.00
# Visual Studio Version 17
VisualStudioVersion = 17.13.35919.96
MinimumVisualStudioVersion = 10.0.40219.1
Project("{FAE04EC0-301F-11D3-BF4B-00C04F79EFBC}") = "UILayer", "Sportklubbhantering\UILayer.csproj", "{051B3F30-0415-463C-8835-30B96D951F62}"
EndProject
Project("{FAE04EC0-301F-11D3-BF4B-00C04F79EFBC}") = "EntityLayer", "Model\EntityLayer.csproj", "{8429C0AC-F84F-4E7E-81D5-A9812531F1A5}"
EndProject
Project("{FAE04EC0-301F-11D3-BF4B-00C04F79EFBC}") = "DataAccessLayer", "DBCon\DataAccessLayer.csproj", "{E77DAC8E-4E48-4024-92A3-33C7AE6C3857}"
EndProject
Project("{FAE04EC0-301F-11D3-BF4B-00C04F79EFBC}") = "BusinessLayer", "Logiclayer\BusinessLayer.csproj", "{F37E7B63-C75D-4567-9DCC-87A168E123D0}"
EndProject
Global
	GlobalSection(SolutionConfigurationPlatforms) = preSolution
		Debug|Any CPU = Debug|Any CPU
		Release|Any CPU = Release|Any CPU
	EndGlobalSection
	GlobalSection(ProjectConfigurationPlatforms) = postSolution
		{051B3F30-0415-463C-8835-30B96D951F62}.Debug|Any CPU.ActiveCfg = Debug|Any CPU
		{051B3F30-0415-463C-8835-30B96D951F62}.Debug|Any CPU.Build.0 = Debug|Any CPU
		{051B3F30-0415-463C-8835-30B96D951F62}.Release|Any CPU.ActiveCfg = Release|Any CPU
		{051B3F30-0415-463C-8835-30B96D951F62}.Release|Any CPU.Build.0 = Release|Any CPU
		{8429C0AC-F84F-4E7E-81D5-A9812531F1A5}.Debug|Any CPU.ActiveCfg = Debug|Any CPU
		{8429C0AC-F84F-4E7E-81D5-A9812531F1A5}.Debug|Any CPU.Build.0 = Debug|Any CPU
		{8429C0AC-F84F-4E7E-81D5-A9812531F1A5}.Release|Any CPU.ActiveCfg = Release|Any CPU
		{8429C0AC-F84F-4E7E-81D5-A9812531F1A5}.Release|Any CPU.Build.0 = Release|Any CPU
		{E77DAC8E-4E48-4024-92A3-33C7AE6C3857}.Debug|Any CPU.ActiveCfg = Debug|Any CPU
		{E77DAC8E-4E48-4024-92A3-33C7AE6C3857}.Debug|Any CPU.Build.0 = Debug|Any CPU
		{E77DAC8E-4E48-4024-92A3-33C7AE6C3857}.Release|Any CPU.ActiveCfg = Release|Any CPU
		{E77DAC8E-4E48-4024-92A3-33C7AE6C3857}.Release|Any CPU.Build.0 = Release|Any CPU
		{F37E7B63-C75D-4567-9DCC-87A168E123D0}.Debug|Any CPU.ActiveCfg = Debug|Any CPU
		{F37E7B63-C75D-4567-9DCC-87A168E123D0}.Debug|Any CPU.Build.0 = Debug|Any CPU
		{F37E7B63-C75D-4567-9DCC-87A168E123D0}.Release|Any CPU.ActiveCfg = Release|Any CPU
		{F37E7B63-C75D-4567-9DCC-87A168E123D0}.Release|Any CPU.Build.0 = Release|Any CPU
	EndGlobalSection
	GlobalSection(SolutionProperties) = preSolution
		HideSolutionNode = FALSE
	EndGlobalSection
	GlobalSection(ExtensibilityGlobals) = postSolution
		SolutionGuid = {A39DE9FE-869A-4A00-B15E-739F77D800AB}
	EndGlobalSection
EndGlobal
